# THIS IS AN AUTOGENERATED FILE. DO NOT EDIT THIS FILE DIRECTLY.
# yarn lockfile v1


"@types/estree@0.0.39":
  version "0.0.39"
  resolved "https://registry.yarnpkg.com/@types/estree/-/estree-0.0.39.tgz#e177e699ee1b8c22d23174caaa7422644389509f"
  integrity sha512-EYNwp3bU+98cpU4lAWYYL7Zz+2gryWH1qbdDTidVd6hkiR6weksdbMadyXKXNPEkQFhXM+hVO9ZygomHXp+AIw==

"@types/node@^12.0.10":
  version "12.6.1"
  resolved "https://registry.yarnpkg.com/@types/node/-/node-12.6.1.tgz#d5544f6de0aae03eefbb63d5120f6c8be0691946"
  integrity sha512-rp7La3m845mSESCgsJePNL/JQyhkOJA6G4vcwvVgkDAwHhGdq5GCumxmPjEk1MZf+8p5ZQAUE7tqgQRQTXN7uQ==

acorn@^6.1.1:
  version "6.2.0"
  resolved "https://registry.yarnpkg.com/acorn/-/acorn-6.2.0.tgz#67f0da2fc339d6cfb5d6fb244fd449f33cd8bbe3"
  integrity sha512-8oe72N3WPMjA+2zVG71Ia0nXZ8DpQH+QyyHO+p06jT8eg8FGG3FbcUIi8KziHlAfheJQZeoqbvq1mQSQHXKYLw==

rollup@^1.16.7:
  version "1.16.7"
  resolved "https://registry.yarnpkg.com/rollup/-/rollup-1.16.7.tgz#4b539ca22465df39f6c963d2001d95f6527e97e1"
  integrity sha512-P3GVcbVSLLjHWFLKGerYRe3Q/yggRXmTZFx/4WZf4wzGwO6hAg5jyMAFMQKc0dts8rFID4BQngfoz6yQbI7iMQ==
  dependencies:
    "@types/estree" "0.0.39"
    "@types/node" "^12.0.10"
    acorn "^6.1.1"
